// !$*UTF8*$!
{
	archiveVersion = 1;
	classes = {
	};
	objectVersion = 50;
	objects = {

/* Begin PBXBuildFile section */
		36F4B6C1128D1AE191F48CD6 /* Pods_LunchDate.framework in Frameworks */ = {isa = PBXBuildFile; fileRef = 38E1B7369A669E3DF89EAD1E /* Pods_LunchDate.framework */; };
		79095B30227CA47700001B1A /* MeController.swift in Sources */ = {isa = PBXBuildFile; fileRef = 79095B2F227CA47700001B1A /* MeController.swift */; };
		791AB521226CF9C700022681 /* WelcomeController.swift in Sources */ = {isa = PBXBuildFile; fileRef = 791AB520226CF9C700022681 /* WelcomeController.swift */; };
		791AB523226CFB1600022681 /* Config.swift in Sources */ = {isa = PBXBuildFile; fileRef = 791AB522226CFB1600022681 /* Config.swift */; };
		793B81AE226CEF77006A58EC /* Graphics in Resources */ = {isa = PBXBuildFile; fileRef = 793B81AD226CEF77006A58EC /* Graphics */; };
		793B81B0226CF17E006A58EC /* HelveticaNowDisplayXBlk.otf in Resources */ = {isa = PBXBuildFile; fileRef = 793B81AF226CF17E006A58EC /* HelveticaNowDisplayXBlk.otf */; };
		7942C3E4226D12C600C7E2F1 /* MainTabController.swift in Sources */ = {isa = PBXBuildFile; fileRef = 7942C3E3226D12C600C7E2F1 /* MainTabController.swift */; };
		7947542D227A4DC4006F0C70 /* LoginController.swift in Sources */ = {isa = PBXBuildFile; fileRef = 7947542B227A4A90006F0C70 /* LoginController.swift */; };
		7947542F227A5084006F0C70 /* PrettyBoi.swift in Sources */ = {isa = PBXBuildFile; fileRef = 7947542E227A5084006F0C70 /* PrettyBoi.swift */; };
		DE9F51DC2260E940006AC89D /* AppDelegate.swift in Sources */ = {isa = PBXBuildFile; fileRef = DE9F51DB2260E940006AC89D /* AppDelegate.swift */; };
		DE9F51DE2260E940006AC89D /* CreateAccountController.swift in Sources */ = {isa = PBXBuildFile; fileRef = DE9F51DD2260E940006AC89D /* CreateAccountController.swift */; };
		DE9F51E02260E940006AC89D /* HomeController.swift in Sources */ = {isa = PBXBuildFile; fileRef = DE9F51DF2260E940006AC89D /* HomeController.swift */; };
		DE9F51E32260E940006AC89D /* Main.storyboard in Resources */ = {isa = PBXBuildFile; fileRef = DE9F51E12260E940006AC89D /* Main.storyboard */; };
		DE9F51E52260E942006AC89D /* Assets.xcassets in Resources */ = {isa = PBXBuildFile; fileRef = DE9F51E42260E942006AC89D /* Assets.xcassets */; };
		DE9F51E82260E942006AC89D /* LaunchScreen.storyboard in Resources */ = {isa = PBXBuildFile; fileRef = DE9F51E62260E942006AC89D /* LaunchScreen.storyboard */; };
		DEC430102277D6DA00FE8DA5 /* SearchController.swift in Sources */ = {isa = PBXBuildFile; fileRef = DEC4300F2277D6DA00FE8DA5 /* SearchController.swift */; };
		DEC430122277D70800FE8DA5 /* RequestController.swift in Sources */ = {isa = PBXBuildFile; fileRef = DEC430112277D70800FE8DA5 /* RequestController.swift */; };
/* End PBXBuildFile section */

/* Begin PBXFileReference section */
		38E1B7369A669E3DF89EAD1E /* Pods_LunchDate.framework */ = {isa = PBXFileReference; explicitFileType = wrapper.framework; includeInIndex = 0; path = Pods_LunchDate.framework; sourceTree = BUILT_PRODUCTS_DIR; };
		79095B2F227CA47700001B1A /* MeController.swift */ = {isa = PBXFileReference; lastKnownFileType = sourcecode.swift; path = MeController.swift; sourceTree = "<group>"; };
		791AB520226CF9C700022681 /* WelcomeController.swift */ = {isa = PBXFileReference; lastKnownFileType = sourcecode.swift; path = WelcomeController.swift; sourceTree = "<group>"; };
		791AB522226CFB1600022681 /* Config.swift */ = {isa = PBXFileReference; lastKnownFileType = sourcecode.swift; path = Config.swift; sourceTree = "<group>"; };
		791AB524226CFCC600022681 /* Alamofire.swift */ = {isa = PBXFileReference; lastKnownFileType = sourcecode.swift; name = Alamofire.swift; path = Pods/Alamofire/Source/Alamofire.swift; sourceTree = "<group>"; };
		793B81AD226CEF77006A58EC /* Graphics */ = {isa = PBXFileReference; lastKnownFileType = folder; name = Graphics; path = ../../Graphics; sourceTree = "<group>"; };
		793B81AF226CF17E006A58EC /* HelveticaNowDisplayXBlk.otf */ = {isa = PBXFileReference; lastKnownFileType = file; path = HelveticaNowDisplayXBlk.otf; sourceTree = "<group>"; };
		7942C3E3226D12C600C7E2F1 /* MainTabController.swift */ = {isa = PBXFileReference; lastKnownFileType = sourcecode.swift; path = MainTabController.swift; sourceTree = "<group>"; };
		7947542B227A4A90006F0C70 /* LoginController.swift */ = {isa = PBXFileReference; fileEncoding = 4; lastKnownFileType = sourcecode.swift; path = LoginController.swift; sourceTree = "<group>"; };
		7947542E227A5084006F0C70 /* PrettyBoi.swift */ = {isa = PBXFileReference; lastKnownFileType = sourcecode.swift; path = PrettyBoi.swift; sourceTree = "<group>"; };
		872882520DF8E0E9327D6844 /* Pods-LunchDate.release.xcconfig */ = {isa = PBXFileReference; includeInIndex = 1; lastKnownFileType = text.xcconfig; name = "Pods-LunchDate.release.xcconfig"; path = "Target Support Files/Pods-LunchDate/Pods-LunchDate.release.xcconfig"; sourceTree = "<group>"; };
		D2D41FDC3753A2501F23709E /* Pods-LunchDate.debug.xcconfig */ = {isa = PBXFileReference; includeInIndex = 1; lastKnownFileType = text.xcconfig; name = "Pods-LunchDate.debug.xcconfig"; path = "Target Support Files/Pods-LunchDate/Pods-LunchDate.debug.xcconfig"; sourceTree = "<group>"; };
		DE9F51D82260E940006AC89D /* LunchDate.app */ = {isa = PBXFileReference; explicitFileType = wrapper.application; includeInIndex = 0; path = LunchDate.app; sourceTree = BUILT_PRODUCTS_DIR; };
		DE9F51DB2260E940006AC89D /* AppDelegate.swift */ = {isa = PBXFileReference; lastKnownFileType = sourcecode.swift; path = AppDelegate.swift; sourceTree = "<group>"; };
		DE9F51DD2260E940006AC89D /* CreateAccountController.swift */ = {isa = PBXFileReference; lastKnownFileType = sourcecode.swift; path = CreateAccountController.swift; sourceTree = "<group>"; };
		DE9F51DF2260E940006AC89D /* HomeController.swift */ = {isa = PBXFileReference; lastKnownFileType = sourcecode.swift; path = HomeController.swift; sourceTree = "<group>"; };
		DE9F51E22260E940006AC89D /* Base */ = {isa = PBXFileReference; lastKnownFileType = file.storyboard; name = Base; path = Base.lproj/Main.storyboard; sourceTree = "<group>"; };
		DE9F51E42260E942006AC89D /* Assets.xcassets */ = {isa = PBXFileReference; lastKnownFileType = folder.assetcatalog; path = Assets.xcassets; sourceTree = "<group>"; };
		DE9F51E72260E942006AC89D /* Base */ = {isa = PBXFileReference; lastKnownFileType = file.storyboard; name = Base; path = Base.lproj/LaunchScreen.storyboard; sourceTree = "<group>"; };
		DE9F51E92260E942006AC89D /* Info.plist */ = {isa = PBXFileReference; lastKnownFileType = text.plist.xml; path = Info.plist; sourceTree = "<group>"; };
		DEC4300F2277D6DA00FE8DA5 /* SearchController.swift */ = {isa = PBXFileReference; lastKnownFileType = sourcecode.swift; path = SearchController.swift; sourceTree = "<group>"; };
		DEC430112277D70800FE8DA5 /* RequestController.swift */ = {isa = PBXFileReference; lastKnownFileType = sourcecode.swift; path = RequestController.swift; sourceTree = "<group>"; };
/* End PBXFileReference section */

/* Begin PBXFrameworksBuildPhase section */
		DE9F51D52260E940006AC89D /* Frameworks */ = {
			isa = PBXFrameworksBuildPhase;
			buildActionMask = 2147483647;
			files = (
				36F4B6C1128D1AE191F48CD6 /* Pods_LunchDate.framework in Frameworks */,
			);
			runOnlyForDeploymentPostprocessing = 0;
		};
/* End PBXFrameworksBuildPhase section */

/* Begin PBXGroup section */
		2FCFE1DF77B266DFD050DE32 /* Pods */ = {
			isa = PBXGroup;
			children = (
				D2D41FDC3753A2501F23709E /* Pods-LunchDate.debug.xcconfig */,
				872882520DF8E0E9327D6844 /* Pods-LunchDate.release.xcconfig */,
			);
			path = Pods;
			sourceTree = "<group>";
		};
		832819128657693C93533B7E /* Frameworks */ = {
			isa = PBXGroup;
			children = (
				38E1B7369A669E3DF89EAD1E /* Pods_LunchDate.framework */,
			);
			name = Frameworks;
			sourceTree = "<group>";
		};
		DE9F51CF2260E940006AC89D = {
			isa = PBXGroup;
			children = (
				791AB524226CFCC600022681 /* Alamofire.swift */,
				DE9F51DA2260E940006AC89D /* LunchDate */,
				DE9F51D92260E940006AC89D /* Products */,
				2FCFE1DF77B266DFD050DE32 /* Pods */,
				832819128657693C93533B7E /* Frameworks */,
			);
			sourceTree = "<group>";
		};
		DE9F51D92260E940006AC89D /* Products */ = {
			isa = PBXGroup;
			children = (
				DE9F51D82260E940006AC89D /* LunchDate.app */,
			);
			name = Products;
			sourceTree = "<group>";
		};
		DE9F51DA2260E940006AC89D /* LunchDate */ = {
			isa = PBXGroup;
			children = (
				7947542B227A4A90006F0C70 /* LoginController.swift */,
				DE9F51DB2260E940006AC89D /* AppDelegate.swift */,
				DE9F51DD2260E940006AC89D /* CreateAccountController.swift */,
				791AB520226CF9C700022681 /* WelcomeController.swift */,
				DE9F51DF2260E940006AC89D /* HomeController.swift */,
				DEC4300F2277D6DA00FE8DA5 /* SearchController.swift */,
				DEC430112277D70800FE8DA5 /* RequestController.swift */,
				DE9F51E12260E940006AC89D /* Main.storyboard */,
				793B81AF226CF17E006A58EC /* HelveticaNowDisplayXBlk.otf */,
				793B81AD226CEF77006A58EC /* Graphics */,
				DE9F51E42260E942006AC89D /* Assets.xcassets */,
				DE9F51E62260E942006AC89D /* LaunchScreen.storyboard */,
				DE9F51E92260E942006AC89D /* Info.plist */,
				791AB522226CFB1600022681 /* Config.swift */,
				7942C3E3226D12C600C7E2F1 /* MainTabController.swift */,
				7947542E227A5084006F0C70 /* PrettyBoi.swift */,
				79095B2F227CA47700001B1A /* MeController.swift */,
			);
			path = LunchDate;
			sourceTree = "<group>";
		};
/* End PBXGroup section */

/* Begin PBXNativeTarget section */
		DE9F51D72260E940006AC89D /* LunchDate */ = {
			isa = PBXNativeTarget;
			buildConfigurationList = DE9F51EC2260E942006AC89D /* Build configuration list for PBXNativeTarget "LunchDate" */;
			buildPhases = (
				111F88D1C111F7547E3F8B65 /* [CP] Check Pods Manifest.lock */,
				DE9F51D42260E940006AC89D /* Sources */,
				DE9F51D52260E940006AC89D /* Frameworks */,
				DE9F51D62260E940006AC89D /* Resources */,
				F76D98F89EB08C60D9F55799 /* [CP] Embed Pods Frameworks */,
			);
			buildRules = (
			);
			dependencies = (
			);
			name = LunchDate;
			productName = LunchDate;
			productReference = DE9F51D82260E940006AC89D /* LunchDate.app */;
			productType = "com.apple.product-type.application";
		};
/* End PBXNativeTarget section */

/* Begin PBXProject section */
		DE9F51D02260E940006AC89D /* Project object */ = {
			isa = PBXProject;
			attributes = {
				LastSwiftUpdateCheck = 1020;
				LastUpgradeCheck = 1020;
				ORGANIZATIONNAME = LunchDateTeam;
				TargetAttributes = {
					DE9F51D72260E940006AC89D = {
						CreatedOnToolsVersion = 10.2;
					};
				};
			};
			buildConfigurationList = DE9F51D32260E940006AC89D /* Build configuration list for PBXProject "LunchDate" */;
			compatibilityVersion = "Xcode 9.3";
			developmentRegion = en;
			hasScannedForEncodings = 0;
			knownRegions = (
				en,
				Base,
			);
			mainGroup = DE9F51CF2260E940006AC89D;
			productRefGroup = DE9F51D92260E940006AC89D /* Products */;
			projectDirPath = "";
			projectRoot = "";
			targets = (
				DE9F51D72260E940006AC89D /* LunchDate */,
			);
		};
/* End PBXProject section */

/* Begin PBXResourcesBuildPhase section */
		DE9F51D62260E940006AC89D /* Resources */ = {
			isa = PBXResourcesBuildPhase;
			buildActionMask = 2147483647;
			files = (
				DE9F51E82260E942006AC89D /* LaunchScreen.storyboard in Resources */,
				793B81AE226CEF77006A58EC /* Graphics in Resources */,
				DE9F51E52260E942006AC89D /* Assets.xcassets in Resources */,
				DE9F51E32260E940006AC89D /* Main.storyboard in Resources */,
				793B81B0226CF17E006A58EC /* HelveticaNowDisplayXBlk.otf in Resources */,
			);
			runOnlyForDeploymentPostprocessing = 0;
		};
/* End PBXResourcesBuildPhase section */

/* Begin PBXShellScriptBuildPhase section */
		111F88D1C111F7547E3F8B65 /* [CP] Check Pods Manifest.lock */ = {
			isa = PBXShellScriptBuildPhase;
			buildActionMask = 2147483647;
			files = (
			);
			inputFileListPaths = (
			);
			inputPaths = (
				"${PODS_PODFILE_DIR_PATH}/Podfile.lock",
				"${PODS_ROOT}/Manifest.lock",
			);
			name = "[CP] Check Pods Manifest.lock";
			outputFileListPaths = (
			);
			outputPaths = (
				"$(DERIVED_FILE_DIR)/Pods-LunchDate-checkManifestLockResult.txt",
			);
			runOnlyForDeploymentPostprocessing = 0;
			shellPath = /bin/sh;
			shellScript = "diff \"${PODS_PODFILE_DIR_PATH}/Podfile.lock\" \"${PODS_ROOT}/Manifest.lock\" > /dev/null\nif [ $? != 0 ] ; then\n    # print error to STDERR\n    echo \"error: The sandbox is not in sync with the Podfile.lock. Run 'pod install' or update your CocoaPods installation.\" >&2\n    exit 1\nfi\n# This output is used by Xcode 'outputs' to avoid re-running this script phase.\necho \"SUCCESS\" > \"${SCRIPT_OUTPUT_FILE_0}\"\n";
			showEnvVarsInLog = 0;
		};
		F76D98F89EB08C60D9F55799 /* [CP] Embed Pods Frameworks */ = {
			isa = PBXShellScriptBuildPhase;
			buildActionMask = 2147483647;
			files = (
			);
			inputFileListPaths = (
			);
			inputPaths = (
				"${PODS_ROOT}/Target Support Files/Pods-LunchDate/Pods-LunchDate-frameworks.sh",
				"${BUILT_PRODUCTS_DIR}/Alamofire/Alamofire.framework",
			);
			name = "[CP] Embed Pods Frameworks";
			outputFileListPaths = (
			);
			outputPaths = (
				"${TARGET_BUILD_DIR}/${FRAMEWORKS_FOLDER_PATH}/Alamofire.framework",
			);
			runOnlyForDeploymentPostprocessing = 0;
			shellPath = /bin/sh;
			shellScript = "\"${PODS_ROOT}/Target Support Files/Pods-LunchDate/Pods-LunchDate-frameworks.sh\"\n";
			showEnvVarsInLog = 0;
		};
/* End PBXShellScriptBuildPhase section */

/* Begin PBXSourcesBuildPhase section */
		DE9F51D42260E940006AC89D /* Sources */ = {
			isa = PBXSourcesBuildPhase;
			buildActionMask = 2147483647;
			files = (
				7947542F227A5084006F0C70 /* PrettyBoi.swift in Sources */,
				7947542D227A4DC4006F0C70 /* LoginController.swift in Sources */,
				DE9F51E02260E940006AC89D /* HomeController.swift in Sources */,
				DE9F51DC2260E940006AC89D /* AppDelegate.swift in Sources */,
				7942C3E4226D12C600C7E2F1 /* MainTabController.swift in Sources */,
				DEC430102277D6DA00FE8DA5 /* SearchController.swift in Sources */,
				791AB523226CFB1600022681 /* Config.swift in Sources */,
				791AB521226CF9C700022681 /* WelcomeController.swift in Sources */,
				DE9F51DE2260E940006AC89D /* CreateAccountController.swift in Sources */,
				79095B30227CA47700001B1A /* MeController.swift in Sources */,
				DEC430122277D70800FE8DA5 /* RequestController.swift in Sources */,
			);
			runOnlyForDeploymentPostprocessing = 0;
		};
/* End PBXSourcesBuildPhase section */

/* Begin PBXVariantGroup section */
		DE9F51E12260E940006AC89D /* Main.storyboard */ = {
			isa = PBXVariantGroup;
			children = (
				DE9F51E22260E940006AC89D /* Base */,
			);
			name = Main.storyboard;
			sourceTree = "<group>";
		};
		DE9F51E62260E942006AC89D /* LaunchScreen.storyboard */ = {
			isa = PBXVariantGroup;
			children = (
				DE9F51E72260E942006AC89D /* Base */,
			);
			name = LaunchScreen.storyboard;
			sourceTree = "<group>";
		};
/* End PBXVariantGroup section */

/* Begin XCBuildConfiguration section */
		DE9F51EA2260E942006AC89D /* Debug */ = {
			isa = XCBuildConfiguration;
			buildSettings = {
				ALWAYS_SEARCH_USER_PATHS = NO;
				CLANG_ANALYZER_NONNULL = YES;
				CLANG_ANALYZER_NUMBER_OBJECT_CONVERSION = YES_AGGRESSIVE;
				CLANG_CXX_LANGUAGE_STANDARD = "gnu++14";
				CLANG_CXX_LIBRARY = "libc++";
				CLANG_ENABLE_MODULES = YES;
				CLANG_ENABLE_OBJC_ARC = YES;
				CLANG_ENABLE_OBJC_WEAK = YES;
				CLANG_WARN_BLOCK_CAPTURE_AUTORELEASING = YES;
				CLANG_WARN_BOOL_CONVERSION = YES;
				CLANG_WARN_COMMA = YES;
				CLANG_WARN_CONSTANT_CONVERSION = YES;
				CLANG_WARN_DEPRECATED_OBJC_IMPLEMENTATIONS = YES;
				CLANG_WARN_DIRECT_OBJC_ISA_USAGE = YES_ERROR;
				CLANG_WARN_DOCUMENTATION_COMMENTS = YES;
				CLANG_WARN_EMPTY_BODY = YES;
				CLANG_WARN_ENUM_CONVERSION = YES;
				CLANG_WARN_INFINITE_RECURSION = YES;
				CLANG_WARN_INT_CONVERSION = YES;
				CLANG_WARN_NON_LITERAL_NULL_CONVERSION = YES;
				CLANG_WARN_OBJC_IMPLICIT_RETAIN_SELF = YES;
				CLANG_WARN_OBJC_LITERAL_CONVERSION = YES;
				CLANG_WARN_OBJC_ROOT_CLASS = YES_ERROR;
				CLANG_WARN_RANGE_LOOP_ANALYSIS = YES;
				CLANG_WARN_STRICT_PROTOTYPES = YES;
				CLANG_WARN_SUSPICIOUS_MOVE = YES;
				CLANG_WARN_UNGUARDED_AVAILABILITY = YES_AGGRESSIVE;
				CLANG_WARN_UNREACHABLE_CODE = YES;
				CLANG_WARN__DUPLICATE_METHOD_MATCH = YES;
				CODE_SIGN_IDENTITY = "iPhone Developer";
				COPY_PHASE_STRIP = NO;
				DEBUG_INFORMATION_FORMAT = dwarf;
				ENABLE_STRICT_OBJC_MSGSEND = YES;
				ENABLE_TESTABILITY = YES;
				GCC_C_LANGUAGE_STANDARD = gnu11;
				GCC_DYNAMIC_NO_PIC = NO;
				GCC_NO_COMMON_BLOCKS = YES;
				GCC_OPTIMIZATION_LEVEL = 0;
				GCC_PREPROCESSOR_DEFINITIONS = (
					"DEBUG=1",
					"$(inherited)",
				);
				GCC_WARN_64_TO_32_BIT_CONVERSION = YES;
				GCC_WARN_ABOUT_RETURN_TYPE = YES_ERROR;
				GCC_WARN_UNDECLARED_SELECTOR = YES;
				GCC_WARN_UNINITIALIZED_AUTOS = YES_AGGRESSIVE;
				GCC_WARN_UNUSED_FUNCTION = YES;
				GCC_WARN_UNUSED_VARIABLE = YES;
				IPHONEOS_DEPLOYMENT_TARGET = 12.2;
				MTL_ENABLE_DEBUG_INFO = INCLUDE_SOURCE;
				MTL_FAST_MATH = YES;
				ONLY_ACTIVE_ARCH = YES;
				SDKROOT = iphoneos;
				SWIFT_ACTIVE_COMPILATION_CONDITIONS = DEBUG;
				SWIFT_OPTIMIZATION_LEVEL = "-Onone";
			};
			name = Debug;
		};
		DE9F51EB2260E942006AC89D /* Release */ = {
			isa = XCBuildConfiguration;
			buildSettings = {
				ALWAYS_SEARCH_USER_PATHS = NO;
				CLANG_ANALYZER_NONNULL = YES;
				CLANG_ANALYZER_NUMBER_OBJECT_CONVERSION = YES_AGGRESSIVE;
				CLANG_CXX_LANGUAGE_STANDARD = "gnu++14";
				CLANG_CXX_LIBRARY = "libc++";
				CLANG_ENABLE_MODULES = YES;
				CLANG_ENABLE_OBJC_ARC = YES;
				CLANG_ENABLE_OBJC_WEAK = YES;
				CLANG_WARN_BLOCK_CAPTURE_AUTORELEASING = YES;
				CLANG_WARN_BOOL_CONVERSION = YES;
				CLANG_WARN_COMMA = YES;
				CLANG_WARN_CONSTANT_CONVERSION = YES;
				CLANG_WARN_DEPRECATED_OBJC_IMPLEMENTATIONS = YES;
				CLANG_WARN_DIRECT_OBJC_ISA_USAGE = YES_ERROR;
				CLANG_WARN_DOCUMENTATION_COMMENTS = YES;
				CLANG_WARN_EMPTY_BODY = YES;
				CLANG_WARN_ENUM_CONVERSION = YES;
				CLANG_WARN_INFINITE_RECURSION = YES;
				CLANG_WARN_INT_CONVERSION = YES;
				CLANG_WARN_NON_LITERAL_NULL_CONVERSION = YES;
				CLANG_WARN_OBJC_IMPLICIT_RETAIN_SELF = YES;
				CLANG_WARN_OBJC_LITERAL_CONVERSION = YES;
				CLANG_WARN_OBJC_ROOT_CLASS = YES_ERROR;
				CLANG_WARN_RANGE_LOOP_ANALYSIS = YES;
				CLANG_WARN_STRICT_PROTOTYPES = YES;
				CLANG_WARN_SUSPICIOUS_MOVE = YES;
				CLANG_WARN_UNGUARDED_AVAILABILITY = YES_AGGRESSIVE;
				CLANG_WARN_UNREACHABLE_CODE = YES;
				CLANG_WARN__DUPLICATE_METHOD_MATCH = YES;
				CODE_SIGN_IDENTITY = "iPhone Developer";
				COPY_PHASE_STRIP = NO;
				DEBUG_INFORMATION_FORMAT = "dwarf-with-dsym";
				ENABLE_NS_ASSERTIONS = NO;
				ENABLE_STRICT_OBJC_MSGSEND = YES;
				GCC_C_LANGUAGE_STANDARD = gnu11;
				GCC_NO_COMMON_BLOCKS = YES;
				GCC_WARN_64_TO_32_BIT_CONVERSION = YES;
				GCC_WARN_ABOUT_RETURN_TYPE = YES_ERROR;
				GCC_WARN_UNDECLARED_SELECTOR = YES;
				GCC_WARN_UNINITIALIZED_AUTOS = YES_AGGRESSIVE;
				GCC_WARN_UNUSED_FUNCTION = YES;
				GCC_WARN_UNUSED_VARIABLE = YES;
				IPHONEOS_DEPLOYMENT_TARGET = 12.2;
				MTL_ENABLE_DEBUG_INFO = NO;
				MTL_FAST_MATH = YES;
				SDKROOT = iphoneos;
				SWIFT_COMPILATION_MODE = wholemodule;
				SWIFT_OPTIMIZATION_LEVEL = "-O";
				VALIDATE_PRODUCT = YES;
			};
			name = Release;
		};
		DE9F51ED2260E942006AC89D /* Debug */ = {
			isa = XCBuildConfiguration;
			baseConfigurationReference = D2D41FDC3753A2501F23709E /* Pods-LunchDate.debug.xcconfig */;
			buildSettings = {
				ASSETCATALOG_COMPILER_APPICON_NAME = AppIcon;
				CODE_SIGN_STYLE = Automatic;
				DEVELOPMENT_TEAM = 2CND9S34B2;
				INFOPLIST_FILE = LunchDate/Info.plist;
				LD_RUNPATH_SEARCH_PATHS = (
					"$(inherited)",
					"@executable_path/Frameworks",
				);
				PRODUCT_BUNDLE_IDENTIFIER = com.lunchdate.LunchDate;
				PRODUCT_NAME = "$(TARGET_NAME)";
				SWIFT_VERSION = 5.0;
				TARGETED_DEVICE_FAMILY = 1;
			};
			name = Debug;
		};
		DE9F51EE2260E942006AC89D /* Release */ = {
			isa = XCBuildConfiguration;
			baseConfigurationReference = 872882520DF8E0E9327D6844 /* Pods-LunchDate.release.xcconfig */;
			buildSettings = {
				ASSETCATALOG_COMPILER_APPICON_NAME = AppIcon;
				CODE_SIGN_STYLE = Automatic;
				DEVELOPMENT_TEAM = 2CND9S34B2;
				INFOPLIST_FILE = LunchDate/Info.plist;
				LD_RUNPATH_SEARCH_PATHS = (
					"$(inherited)",
					"@executable_path/Frameworks",
				);
				PRODUCT_BUNDLE_IDENTIFIER = com.lunchdate.LunchDate;
				PRODUCT_NAME = "$(TARGET_NAME)";
				SWIFT_VERSION = 5.0;
				TARGETED_DEVICE_FAMILY = 1;
			};
			name = Release;
		};
/* End XCBuildConfiguration section */

/* Begin XCConfigurationList section */
		DE9F51D32260E940006AC89D /* Build configuration list for PBXProject "LunchDate" */ = {
			isa = XCConfigurationList;
			buildConfigurations = (
				DE9F51EA2260E942006AC89D /* Debug */,
				DE9F51EB2260E942006AC89D /* Release */,
			);
			defaultConfigurationIsVisible = 0;
			defaultConfigurationName = Release;
		};
		DE9F51EC2260E942006AC89D /* Build configuration list for PBXNativeTarget "LunchDate" */ = {
			isa = XCConfigurationList;
			buildConfigurations = (
				DE9F51ED2260E942006AC89D /* Debug */,
				DE9F51EE2260E942006AC89D /* Release */,
			);
			defaultConfigurationIsVisible = 0;
			defaultConfigurationName = Release;
		};
/* End XCConfigurationList section */
	};
	rootObject = DE9F51D02260E940006AC89D /* Project object */;
}
